
Microsoft Visual Studio Solution File, Format Version 12.00
# Visual Studio Version 16
VisualStudioVersion = 16.0.28407.52
MinimumVisualStudioVersion = 10.0.40219.1
Project("{FAE04EC0-301F-11D3-BF4B-00C04F79EFBC}") = "Immutability", "Immutability\Immutability.csproj", "{2E219043-59BF-4187-860D-0E984028952F}"
EndProject
Global
	GlobalSection(SolutionConfigurationPlatforms) = preSolution
		Debug|Any CPU = Debug|Any CPU
		Release|Any CPU = Release|Any CPU
	EndGlobalSection
	GlobalSection(ProjectConfigurationPlatforms) = postSolution
		{2E219043-59BF-4187-860D-0E984028952F}.Debug|Any CPU.ActiveCfg = Debug|Any CPU
		{2E219043-59BF-4187-860D-0E984028952F}.Debug|Any CPU.Build.0 = Debug|Any CPU
		{2E219043-59BF-4187-860D-0E984028952F}.Release|Any CPU.ActiveCfg = Release|Any CPU
		{2E219043-59BF-4187-860D-0E984028952F}.Release|Any CPU.Build.0 = Release|Any CPU
	EndGlobalSection
	GlobalSection(SolutionProperties) = preSolution
		HideSolutionNode = FALSE
	EndGlobalSection
	GlobalSection(ExtensibilityGlobals) = postSolution
		SolutionGuid = {76BB5A82-C254-48F9-B50A-A93BB69325BC}
	EndGlobalSection
EndGlobal
